
Microsoft Visual Studio Solution File, Format Version 12.00
# Visual Studio Version 16
VisualStudioVersion = 16.0.29326.143
MinimumVisualStudioVersion = 10.0.40219.1
Project("{FAE04EC0-301F-11D3-BF4B-00C04F79EFBC}") = "MobCATSnippets", "MobCATSnippets\MobCATSnippets.csproj", "{BEA1E7F5-01A5-4837-AA89-8251A06B6C07}"
EndProject
Global
	GlobalSection(SolutionConfigurationPlatforms) = preSolution
		Debug|Any CPU = Debug|Any CPU
		Release|Any CPU = Release|Any CPU
	EndGlobalSection
	GlobalSection(ProjectConfigurationPlatforms) = postSolution
		{BEA1E7F5-01A5-4837-AA89-8251A06B6C07}.Debug|Any CPU.ActiveCfg = Debug|Any CPU
		{BEA1E7F5-01A5-4837-AA89-8251A06B6C07}.Debug|Any CPU.Build.0 = Debug|Any CPU
		{BEA1E7F5-01A5-4837-AA89-8251A06B6C07}.Release|Any CPU.ActiveCfg = Release|Any CPU
		{BEA1E7F5-01A5-4837-AA89-8251A06B6C07}.Release|Any CPU.Build.0 = Release|Any CPU
	EndGlobalSection
	GlobalSection(SolutionProperties) = preSolution
		HideSolutionNode = FALSE
	EndGlobalSection
	GlobalSection(ExtensibilityGlobals) = postSolution
		SolutionGuid = {05746BBE-9E7A-43B7-A4F2-4E2044058625}
	EndGlobalSection
EndGlobal
